Microsoft Visual Studio Solution File, Format Version 12.00
# Visual Studio Version 17
VisualStudioVersion = 17.5.2.0
MinimumVisualStudioVersion = 10.0.40219.1
Project("{FAE04EC0-301F-11D3-BF4B-00C04F79EFBC}") = "EFCore.GaussDB", "EFCore.GaussDB.csproj", "{924146F9-3761-F4BC-A4E0-FE7DACE64CE5}"
EndProject
Global
	GlobalSection(SolutionConfigurationPlatforms) = preSolution
		Debug|Any CPU = Debug|Any CPU
		Release|Any CPU = Release|Any CPU
	EndGlobalSection
	GlobalSection(ProjectConfigurationPlatforms) = postSolution
		{924146F9-3761-F4BC-A4E0-FE7DACE64CE5}.Debug|Any CPU.ActiveCfg = Debug|Any CPU
		{924146F9-3761-F4BC-A4E0-FE7DACE64CE5}.Debug|Any CPU.Build.0 = Debug|Any CPU
		{924146F9-3761-F4BC-A4E0-FE7DACE64CE5}.Release|Any CPU.ActiveCfg = Release|Any CPU
		{924146F9-3761-F4BC-A4E0-FE7DACE64CE5}.Release|Any CPU.Build.0 = Release|Any CPU
	EndGlobalSection
	GlobalSection(SolutionProperties) = preSolution
		HideSolutionNode = FALSE
	EndGlobalSection
	GlobalSection(ExtensibilityGlobals) = postSolution
		SolutionGuid = {60C36C95-C272-4C83-A7BD-FE20BF4DE337}
	EndGlobalSection
EndGlobal
